
Microsoft Visual Studio Solution File, Format Version 12.00
# Visual Studio Version 16
VisualStudioVersion = 16.0.30517.126
MinimumVisualStudioVersion = 10.0.40219.1
Project("{FAE04EC0-301F-11D3-BF4B-00C04F79EFBC}") = "ChallengeAPIPevaar", "ChallengeAPIPevaar\ChallengeAPIPevaar.csproj", "{1141F481-272B-4124-804B-990D2CB32522}"
EndProject
Project("{FAE04EC0-301F-11D3-BF4B-00C04F79EFBC}") = "ChallengeDataObjects", "ChallengeDataObjects\ChallengeDataObjects.csproj", "{ED6F33DB-4120-44BC-97A4-F48C8EAFB4A7}"
EndProject
Global
	GlobalSection(SolutionConfigurationPlatforms) = preSolution
		Debug|Any CPU = Debug|Any CPU
		Release|Any CPU = Release|Any CPU
	EndGlobalSection
	GlobalSection(ProjectConfigurationPlatforms) = postSolution
		{1141F481-272B-4124-804B-990D2CB32522}.Debug|Any CPU.ActiveCfg = Debug|Any CPU
		{1141F481-272B-4124-804B-990D2CB32522}.Debug|Any CPU.Build.0 = Debug|Any CPU
		{1141F481-272B-4124-804B-990D2CB32522}.Release|Any CPU.ActiveCfg = Release|Any CPU
		{1141F481-272B-4124-804B-990D2CB32522}.Release|Any CPU.Build.0 = Release|Any CPU
		{ED6F33DB-4120-44BC-97A4-F48C8EAFB4A7}.Debug|Any CPU.ActiveCfg = Debug|Any CPU
		{ED6F33DB-4120-44BC-97A4-F48C8EAFB4A7}.Debug|Any CPU.Build.0 = Debug|Any CPU
		{ED6F33DB-4120-44BC-97A4-F48C8EAFB4A7}.Release|Any CPU.ActiveCfg = Release|Any CPU
		{ED6F33DB-4120-44BC-97A4-F48C8EAFB4A7}.Release|Any CPU.Build.0 = Release|Any CPU
	EndGlobalSection
	GlobalSection(SolutionProperties) = preSolution
		HideSolutionNode = FALSE
	EndGlobalSection
	GlobalSection(ExtensibilityGlobals) = postSolution
		SolutionGuid = {26EB5356-3BFD-43D8-8E55-FEDDADB73E12}
	EndGlobalSection
EndGlobal
